Microsoft Visual Studio Solution File, Format Version 12.00
# Visual Studio Version 17
VisualStudioVersion = 17.5.2.0
MinimumVisualStudioVersion = 10.0.40219.1
Project("{FAE04EC0-301F-11D3-BF4B-00C04F79EFBC}") = "SK 02 - Chat Completion with GetChatMessageContent (kernel and plugin)_NEW", "SK 02 - Chat Completion with GetChatMessageContent (kernel and plugin)_NEW.csproj", "{5E8363BD-CE64-A153-663A-21F6CF33E6F4}"
EndProject
Global
	GlobalSection(SolutionConfigurationPlatforms) = preSolution
		Debug|Any CPU = Debug|Any CPU
		Release|Any CPU = Release|Any CPU
	EndGlobalSection
	GlobalSection(ProjectConfigurationPlatforms) = postSolution
		{5E8363BD-CE64-A153-663A-21F6CF33E6F4}.Debug|Any CPU.ActiveCfg = Debug|Any CPU
		{5E8363BD-CE64-A153-663A-21F6CF33E6F4}.Debug|Any CPU.Build.0 = Debug|Any CPU
		{5E8363BD-CE64-A153-663A-21F6CF33E6F4}.Release|Any CPU.ActiveCfg = Release|Any CPU
		{5E8363BD-CE64-A153-663A-21F6CF33E6F4}.Release|Any CPU.Build.0 = Release|Any CPU
	EndGlobalSection
	GlobalSection(SolutionProperties) = preSolution
		HideSolutionNode = FALSE
	EndGlobalSection
	GlobalSection(ExtensibilityGlobals) = postSolution
		SolutionGuid = {BF4A35D3-5E21-46F1-A292-3EDB463162FF}
	EndGlobalSection
EndGlobal
