Microsoft Visual Studio Solution File, Format Version 12.00
# Visual Studio Version 17
VisualStudioVersion = 17.5.2.0
MinimumVisualStudioVersion = 10.0.40219.1
Project("{FAE04EC0-301F-11D3-BF4B-00C04F79EFBC}") = "SK 07 - AI Foundry Agent with Bing Search", "SK 07 - AI Foundry Agent with Bing Search.csproj", "{C86DDB99-F6E2-ECE0-AFE2-39345F3F360A}"
EndProject
Global
	GlobalSection(SolutionConfigurationPlatforms) = preSolution
		Debug|Any CPU = Debug|Any CPU
		Release|Any CPU = Release|Any CPU
	EndGlobalSection
	GlobalSection(ProjectConfigurationPlatforms) = postSolution
		{C86DDB99-F6E2-ECE0-AFE2-39345F3F360A}.Debug|Any CPU.ActiveCfg = Debug|Any CPU
		{C86DDB99-F6E2-ECE0-AFE2-39345F3F360A}.Debug|Any CPU.Build.0 = Debug|Any CPU
		{C86DDB99-F6E2-ECE0-AFE2-39345F3F360A}.Release|Any CPU.ActiveCfg = Release|Any CPU
		{C86DDB99-F6E2-ECE0-AFE2-39345F3F360A}.Release|Any CPU.Build.0 = Release|Any CPU
	EndGlobalSection
	GlobalSection(SolutionProperties) = preSolution
		HideSolutionNode = FALSE
	EndGlobalSection
	GlobalSection(ExtensibilityGlobals) = postSolution
		SolutionGuid = {EC694CF0-FBCD-40DF-9735-B2F1DBEF9297}
	EndGlobalSection
EndGlobal
