
Microsoft Visual Studio Solution File, Format Version 12.00
# Visual Studio Version 17
VisualStudioVersion = 17.5.002.0
MinimumVisualStudioVersion = 10.0.40219.1
Project("{9A19103F-16F7-4668-BE54-9A1E7A4F7556}") = "skconsole", "skconsole.csproj", "{38767C2E-13E9-44CA-B716-8DABA6AAA699}"
EndProject
Global
	GlobalSection(SolutionConfigurationPlatforms) = preSolution
		Debug|Any CPU = Debug|Any CPU
		Release|Any CPU = Release|Any CPU
	EndGlobalSection
	GlobalSection(ProjectConfigurationPlatforms) = postSolution
		{38767C2E-13E9-44CA-B716-8DABA6AAA699}.Debug|Any CPU.ActiveCfg = Debug|Any CPU
		{38767C2E-13E9-44CA-B716-8DABA6AAA699}.Debug|Any CPU.Build.0 = Debug|Any CPU
		{38767C2E-13E9-44CA-B716-8DABA6AAA699}.Release|Any CPU.ActiveCfg = Release|Any CPU
		{38767C2E-13E9-44CA-B716-8DABA6AAA699}.Release|Any CPU.Build.0 = Release|Any CPU
	EndGlobalSection
	GlobalSection(SolutionProperties) = preSolution
		HideSolutionNode = FALSE
	EndGlobalSection
	GlobalSection(ExtensibilityGlobals) = postSolution
		SolutionGuid = {DEEAF7CF-2FB3-4407-A18C-E19999164713}
	EndGlobalSection
EndGlobal
