Microsoft Visual Studio Solution File, Format Version 12.00
# Visual Studio Version 17
VisualStudioVersion = 17.5.2.0
MinimumVisualStudioVersion = 10.0.40219.1
Project("{FAE04EC0-301F-11D3-BF4B-00C04F79EFBC}") = "SK 09 - AgentGroupChat with ChatCompletion + Assistant + AI Foundry agents", "SK 09 - AgentGroupChat with ChatCompletion + Assistant + AI Foundry agents.csproj", "{999B3728-7BD6-1920-C225-8ADBF64BFC96}"
EndProject
Global
	GlobalSection(SolutionConfigurationPlatforms) = preSolution
		Debug|Any CPU = Debug|Any CPU
		Release|Any CPU = Release|Any CPU
	EndGlobalSection
	GlobalSection(ProjectConfigurationPlatforms) = postSolution
		{999B3728-7BD6-1920-C225-8ADBF64BFC96}.Debug|Any CPU.ActiveCfg = Debug|Any CPU
		{999B3728-7BD6-1920-C225-8ADBF64BFC96}.Debug|Any CPU.Build.0 = Debug|Any CPU
		{999B3728-7BD6-1920-C225-8ADBF64BFC96}.Release|Any CPU.ActiveCfg = Release|Any CPU
		{999B3728-7BD6-1920-C225-8ADBF64BFC96}.Release|Any CPU.Build.0 = Release|Any CPU
	EndGlobalSection
	GlobalSection(SolutionProperties) = preSolution
		HideSolutionNode = FALSE
	EndGlobalSection
	GlobalSection(ExtensibilityGlobals) = postSolution
		SolutionGuid = {5A6FDB36-4E0F-4B17-93C2-EFBAA60A4716}
	EndGlobalSection
EndGlobal
