Microsoft Visual Studio Solution File, Format Version 12.00
# Visual Studio Version 17
VisualStudioVersion = 17.5.2.0
MinimumVisualStudioVersion = 10.0.40219.1
Project("{FAE04EC0-301F-11D3-BF4B-00C04F79EFBC}") = "SK 05 - AssistantAPI AGENT full (plugin, codeinterpreter, filesearch)", "SK 05 - AssistantAPI AGENT full (plugin, codeinterpreter, filesearch).csproj", "{C6132DD7-660E-8337-FBA7-F78DBCFEBB3C}"
EndProject
Global
	GlobalSection(SolutionConfigurationPlatforms) = preSolution
		Debug|Any CPU = Debug|Any CPU
		Release|Any CPU = Release|Any CPU
	EndGlobalSection
	GlobalSection(ProjectConfigurationPlatforms) = postSolution
		{C6132DD7-660E-8337-FBA7-F78DBCFEBB3C}.Debug|Any CPU.ActiveCfg = Debug|Any CPU
		{C6132DD7-660E-8337-FBA7-F78DBCFEBB3C}.Debug|Any CPU.Build.0 = Debug|Any CPU
		{C6132DD7-660E-8337-FBA7-F78DBCFEBB3C}.Release|Any CPU.ActiveCfg = Release|Any CPU
		{C6132DD7-660E-8337-FBA7-F78DBCFEBB3C}.Release|Any CPU.Build.0 = Release|Any CPU
	EndGlobalSection
	GlobalSection(SolutionProperties) = preSolution
		HideSolutionNode = FALSE
	EndGlobalSection
	GlobalSection(ExtensibilityGlobals) = postSolution
		SolutionGuid = {D03E6A62-7119-4173-BE79-4C142E25B0B5}
	EndGlobalSection
EndGlobal
