Microsoft Visual Studio Solution File, Format Version 12.00
# Visual Studio Version 17
VisualStudioVersion = 17.5.2.0
MinimumVisualStudioVersion = 10.0.40219.1
Project("{FAE04EC0-301F-11D3-BF4B-00C04F79EFBC}") = "SK 10 - AgentGroupChat with Chat Completion Agents", "SK 10 - AgentGroupChat with Chat Completion Agents.csproj", "{061CA165-D995-42D7-33D2-D88A693792E3}"
EndProject
Global
	GlobalSection(SolutionConfigurationPlatforms) = preSolution
		Debug|Any CPU = Debug|Any CPU
		Release|Any CPU = Release|Any CPU
	EndGlobalSection
	GlobalSection(ProjectConfigurationPlatforms) = postSolution
		{061CA165-D995-42D7-33D2-D88A693792E3}.Debug|Any CPU.ActiveCfg = Debug|Any CPU
		{061CA165-D995-42D7-33D2-D88A693792E3}.Debug|Any CPU.Build.0 = Debug|Any CPU
		{061CA165-D995-42D7-33D2-D88A693792E3}.Release|Any CPU.ActiveCfg = Release|Any CPU
		{061CA165-D995-42D7-33D2-D88A693792E3}.Release|Any CPU.Build.0 = Release|Any CPU
	EndGlobalSection
	GlobalSection(SolutionProperties) = preSolution
		HideSolutionNode = FALSE
	EndGlobalSection
	GlobalSection(ExtensibilityGlobals) = postSolution
		SolutionGuid = {19A8CFA0-892E-4AE2-B355-DE9250465A43}
	EndGlobalSection
EndGlobal
